Microsoft Visual Studio Solution File, Format Version 11.00
# Visual Studio 2010
Project("{8BC9CEB8-8B4A-11D0-8D11-00A0C91BC942}") = "OdysseyDLL", "OdysseyDLL.vcxproj", "{AD6F0312-2E6A-42C1-BEBA-42B07659C29E}"
EndProject
Global
	GlobalSection(SolutionConfigurationPlatforms) = preSolution
		Debug|Win32 = Debug|Win32
		Release|Win32 = Release|Win32
	EndGlobalSection
	GlobalSection(ProjectConfigurationPlatforms) = postSolution
		{AD6F0312-2E6A-42C1-BEBA-42B07659C29E}.Debug|Win32.ActiveCfg = Release|Win32
		{AD6F0312-2E6A-42C1-BEBA-42B07659C29E}.Debug|Win32.Build.0 = Release|Win32
		{AD6F0312-2E6A-42C1-BEBA-42B07659C29E}.Release|Win32.ActiveCfg = Release|Win32
		{AD6F0312-2E6A-42C1-BEBA-42B07659C29E}.Release|Win32.Build.0 = Release|Win32
	EndGlobalSection
	GlobalSection(SolutionProperties) = preSolution
		HideSolutionNode = FALSE
	EndGlobalSection
EndGlobal
